
Microsoft Visual Studio Solution File, Format Version 12.00
# Visual Studio Version 17
VisualStudioVersion = 17.2.32616.157
MinimumVisualStudioVersion = 10.0.40219.1
Project("{FAE04EC0-301F-11D3-BF4B-00C04F79EFBC}") = "PS2R", "PS2R.csproj", "{06A979D8-17D1-465D-8D21-CEC2BB91C9B1}"
EndProject
Global
	GlobalSection(SolutionConfigurationPlatforms) = preSolution
		Debug|Any CPU = Debug|Any CPU
		Release|Any CPU = Release|Any CPU
	EndGlobalSection
	GlobalSection(ProjectConfigurationPlatforms) = postSolution
		{06A979D8-17D1-465D-8D21-CEC2BB91C9B1}.Debug|Any CPU.ActiveCfg = Debug|Any CPU
		{06A979D8-17D1-465D-8D21-CEC2BB91C9B1}.Debug|Any CPU.Build.0 = Debug|Any CPU
		{06A979D8-17D1-465D-8D21-CEC2BB91C9B1}.Release|Any CPU.ActiveCfg = Release|Any CPU
		{06A979D8-17D1-465D-8D21-CEC2BB91C9B1}.Release|Any CPU.Build.0 = Release|Any CPU
	EndGlobalSection
	GlobalSection(SolutionProperties) = preSolution
		HideSolutionNode = FALSE
	EndGlobalSection
	GlobalSection(ExtensibilityGlobals) = postSolution
		SolutionGuid = {7BE96B5F-9CEC-4460-93FB-EC01D7CF37CA}
	EndGlobalSection
EndGlobal
